
Microsoft Visual Studio Solution File, Format Version 12.00
# Visual Studio Version 16
VisualStudioVersion = 16.0.30804.86
MinimumVisualStudioVersion = 10.0.40219.1
Project("{FAE04EC0-301F-11D3-BF4B-00C04F79EFBC}") = "clas", "clas\clas.csproj", "{38313C14-3820-4FCD-816D-44E61C62D59A}"
EndProject
Global
	GlobalSection(SolutionConfigurationPlatforms) = preSolution
		Debug|Any CPU = Debug|Any CPU
		Release|Any CPU = Release|Any CPU
	EndGlobalSection
	GlobalSection(ProjectConfigurationPlatforms) = postSolution
		{38313C14-3820-4FCD-816D-44E61C62D59A}.Debug|Any CPU.ActiveCfg = Debug|Any CPU
		{38313C14-3820-4FCD-816D-44E61C62D59A}.Debug|Any CPU.Build.0 = Debug|Any CPU
		{38313C14-3820-4FCD-816D-44E61C62D59A}.Release|Any CPU.ActiveCfg = Release|Any CPU
		{38313C14-3820-4FCD-816D-44E61C62D59A}.Release|Any CPU.Build.0 = Release|Any CPU
	EndGlobalSection
	GlobalSection(SolutionProperties) = preSolution
		HideSolutionNode = FALSE
	EndGlobalSection
	GlobalSection(ExtensibilityGlobals) = postSolution
		SolutionGuid = {AD828ADE-E063-4973-A768-274B206F0435}
	EndGlobalSection
EndGlobal
